
Microsoft Visual Studio Solution File, Format Version 12.00
# Visual Studio Version 16
VisualStudioVersion = 16.0.30114.105
MinimumVisualStudioVersion = 10.0.40219.1
Project("{FAE04EC0-301F-11D3-BF4B-00C04F79EFBC}") = "Reader", "Reader\Reader.csproj", "{26B6AAEE-3512-42D9-835E-EA9B4A699CB4}"
EndProject
Project("{FAE04EC0-301F-11D3-BF4B-00C04F79EFBC}") = "RFIDApplication", "RFIDDesktop\RFIDApplication.csproj", "{B4C43E72-D42C-4E5F-A4C9-189651BDCAB1}"
	ProjectSection(ProjectDependencies) = postProject
		{3022476E-CEF0-48D4-B76D-5AA42F4DD121} = {3022476E-CEF0-48D4-B76D-5AA42F4DD121}
	EndProjectSection
EndProject
Project("{FAE04EC0-301F-11D3-BF4B-00C04F79EFBC}") = "AuthorizationForms", "AuthorizationForms\AuthorizationForms.csproj", "{AADC86AD-7850-4D21-BB23-209A30D4EA2D}"
EndProject
Project("{FAE04EC0-301F-11D3-BF4B-00C04F79EFBC}") = "CustomControl", "CustomControl\CustomControl.csproj", "{3022476E-CEF0-48D4-B76D-5AA42F4DD121}"
EndProject
Project("{C7167F0D-BC9F-4E6E-AFE1-012C56B48DB5}") = "WapProjRFID", "WapProjRFID\WapProjRFID.wapproj", "{B7EFA1C4-0162-4D9E-9440-D79B6312E30D}"
EndProject
Global
	GlobalSection(SolutionConfigurationPlatforms) = preSolution
		Debug|Any CPU = Debug|Any CPU
		Debug|ARM = Debug|ARM
		Debug|ARM64 = Debug|ARM64
		Debug|x64 = Debug|x64
		Debug|x86 = Debug|x86
		Release|Any CPU = Release|Any CPU
		Release|ARM = Release|ARM
		Release|ARM64 = Release|ARM64
		Release|x64 = Release|x64
		Release|x86 = Release|x86
	EndGlobalSection
	GlobalSection(ProjectConfigurationPlatforms) = postSolution
		{26B6AAEE-3512-42D9-835E-EA9B4A699CB4}.Debug|Any CPU.ActiveCfg = Debug|x86
		{26B6AAEE-3512-42D9-835E-EA9B4A699CB4}.Debug|Any CPU.Build.0 = Debug|x86
		{26B6AAEE-3512-42D9-835E-EA9B4A699CB4}.Debug|ARM.ActiveCfg = Debug|Any CPU
		{26B6AAEE-3512-42D9-835E-EA9B4A699CB4}.Debug|ARM.Build.0 = Debug|Any CPU
		{26B6AAEE-3512-42D9-835E-EA9B4A699CB4}.Debug|ARM64.ActiveCfg = Debug|Any CPU
		{26B6AAEE-3512-42D9-835E-EA9B4A699CB4}.Debug|ARM64.Build.0 = Debug|Any CPU
		{26B6AAEE-3512-42D9-835E-EA9B4A699CB4}.Debug|x64.ActiveCfg = Debug|Any CPU
		{26B6AAEE-3512-42D9-835E-EA9B4A699CB4}.Debug|x64.Build.0 = Debug|Any CPU
		{26B6AAEE-3512-42D9-835E-EA9B4A699CB4}.Debug|x86.ActiveCfg = Debug|x86
		{26B6AAEE-3512-42D9-835E-EA9B4A699CB4}.Debug|x86.Build.0 = Debug|x86
		{26B6AAEE-3512-42D9-835E-EA9B4A699CB4}.Release|Any CPU.ActiveCfg = Release|Any CPU
		{26B6AAEE-3512-42D9-835E-EA9B4A699CB4}.Release|Any CPU.Build.0 = Release|Any CPU
		{26B6AAEE-3512-42D9-835E-EA9B4A699CB4}.Release|ARM.ActiveCfg = Release|Any CPU
		{26B6AAEE-3512-42D9-835E-EA9B4A699CB4}.Release|ARM.Build.0 = Release|Any CPU
		{26B6AAEE-3512-42D9-835E-EA9B4A699CB4}.Release|ARM64.ActiveCfg = Release|Any CPU
		{26B6AAEE-3512-42D9-835E-EA9B4A699CB4}.Release|ARM64.Build.0 = Release|Any CPU
		{26B6AAEE-3512-42D9-835E-EA9B4A699CB4}.Release|x64.ActiveCfg = Release|Any CPU
		{26B6AAEE-3512-42D9-835E-EA9B4A699CB4}.Release|x64.Build.0 = Release|Any CPU
		{26B6AAEE-3512-42D9-835E-EA9B4A699CB4}.Release|x86.ActiveCfg = Release|x86
		{26B6AAEE-3512-42D9-835E-EA9B4A699CB4}.Release|x86.Build.0 = Release|x86
		{B4C43E72-D42C-4E5F-A4C9-189651BDCAB1}.Debug|Any CPU.ActiveCfg = Debug|Any CPU
		{B4C43E72-D42C-4E5F-A4C9-189651BDCAB1}.Debug|Any CPU.Build.0 = Debug|Any CPU
		{B4C43E72-D42C-4E5F-A4C9-189651BDCAB1}.Debug|ARM.ActiveCfg = Debug|Any CPU
		{B4C43E72-D42C-4E5F-A4C9-189651BDCAB1}.Debug|ARM.Build.0 = Debug|Any CPU
		{B4C43E72-D42C-4E5F-A4C9-189651BDCAB1}.Debug|ARM64.ActiveCfg = Debug|Any CPU
		{B4C43E72-D42C-4E5F-A4C9-189651BDCAB1}.Debug|ARM64.Build.0 = Debug|Any CPU
		{B4C43E72-D42C-4E5F-A4C9-189651BDCAB1}.Debug|x64.ActiveCfg = Debug|Any CPU
		{B4C43E72-D42C-4E5F-A4C9-189651BDCAB1}.Debug|x64.Build.0 = Debug|Any CPU
		{B4C43E72-D42C-4E5F-A4C9-189651BDCAB1}.Debug|x86.ActiveCfg = Debug|x86
		{B4C43E72-D42C-4E5F-A4C9-189651BDCAB1}.Debug|x86.Build.0 = Debug|x86
		{B4C43E72-D42C-4E5F-A4C9-189651BDCAB1}.Release|Any CPU.ActiveCfg = Release|Any CPU
		{B4C43E72-D42C-4E5F-A4C9-189651BDCAB1}.Release|Any CPU.Build.0 = Release|Any CPU
		{B4C43E72-D42C-4E5F-A4C9-189651BDCAB1}.Release|ARM.ActiveCfg = Release|Any CPU
		{B4C43E72-D42C-4E5F-A4C9-189651BDCAB1}.Release|ARM.Build.0 = Release|Any CPU
		{B4C43E72-D42C-4E5F-A4C9-189651BDCAB1}.Release|ARM64.ActiveCfg = Release|Any CPU
		{B4C43E72-D42C-4E5F-A4C9-189651BDCAB1}.Release|ARM64.Build.0 = Release|Any CPU
		{B4C43E72-D42C-4E5F-A4C9-189651BDCAB1}.Release|x64.ActiveCfg = Release|Any CPU
		{B4C43E72-D42C-4E5F-A4C9-189651BDCAB1}.Release|x64.Build.0 = Release|Any CPU
		{B4C43E72-D42C-4E5F-A4C9-189651BDCAB1}.Release|x86.ActiveCfg = Release|x86
		{B4C43E72-D42C-4E5F-A4C9-189651BDCAB1}.Release|x86.Build.0 = Release|x86
		{AADC86AD-7850-4D21-BB23-209A30D4EA2D}.Debug|Any CPU.ActiveCfg = Debug|Any CPU
		{AADC86AD-7850-4D21-BB23-209A30D4EA2D}.Debug|Any CPU.Build.0 = Debug|Any CPU
		{AADC86AD-7850-4D21-BB23-209A30D4EA2D}.Debug|ARM.ActiveCfg = Debug|Any CPU
		{AADC86AD-7850-4D21-BB23-209A30D4EA2D}.Debug|ARM.Build.0 = Debug|Any CPU
		{AADC86AD-7850-4D21-BB23-209A30D4EA2D}.Debug|ARM64.ActiveCfg = Debug|Any CPU
		{AADC86AD-7850-4D21-BB23-209A30D4EA2D}.Debug|ARM64.Build.0 = Debug|Any CPU
		{AADC86AD-7850-4D21-BB23-209A30D4EA2D}.Debug|x64.ActiveCfg = Debug|Any CPU
		{AADC86AD-7850-4D21-BB23-209A30D4EA2D}.Debug|x64.Build.0 = Debug|Any CPU
		{AADC86AD-7850-4D21-BB23-209A30D4EA2D}.Debug|x86.ActiveCfg = Debug|Any CPU
		{AADC86AD-7850-4D21-BB23-209A30D4EA2D}.Debug|x86.Build.0 = Debug|Any CPU
		{AADC86AD-7850-4D21-BB23-209A30D4EA2D}.Release|Any CPU.ActiveCfg = Release|Any CPU
		{AADC86AD-7850-4D21-BB23-209A30D4EA2D}.Release|Any CPU.Build.0 = Release|Any CPU
		{AADC86AD-7850-4D21-BB23-209A30D4EA2D}.Release|ARM.ActiveCfg = Release|Any CPU
		{AADC86AD-7850-4D21-BB23-209A30D4EA2D}.Release|ARM.Build.0 = Release|Any CPU
		{AADC86AD-7850-4D21-BB23-209A30D4EA2D}.Release|ARM64.ActiveCfg = Release|Any CPU
		{AADC86AD-7850-4D21-BB23-209A30D4EA2D}.Release|ARM64.Build.0 = Release|Any CPU
		{AADC86AD-7850-4D21-BB23-209A30D4EA2D}.Release|x64.ActiveCfg = Release|Any CPU
		{AADC86AD-7850-4D21-BB23-209A30D4EA2D}.Release|x64.Build.0 = Release|Any CPU
		{AADC86AD-7850-4D21-BB23-209A30D4EA2D}.Release|x86.ActiveCfg = Release|Any CPU
		{AADC86AD-7850-4D21-BB23-209A30D4EA2D}.Release|x86.Build.0 = Release|Any CPU
		{3022476E-CEF0-48D4-B76D-5AA42F4DD121}.Debug|Any CPU.ActiveCfg = Debug|x86
		{3022476E-CEF0-48D4-B76D-5AA42F4DD121}.Debug|Any CPU.Build.0 = Debug|x86
		{3022476E-CEF0-48D4-B76D-5AA42F4DD121}.Debug|ARM.ActiveCfg = Debug|Any CPU
		{3022476E-CEF0-48D4-B76D-5AA42F4DD121}.Debug|ARM.Build.0 = Debug|Any CPU
		{3022476E-CEF0-48D4-B76D-5AA42F4DD121}.Debug|ARM64.ActiveCfg = Debug|Any CPU
		{3022476E-CEF0-48D4-B76D-5AA42F4DD121}.Debug|ARM64.Build.0 = Debug|Any CPU
		{3022476E-CEF0-48D4-B76D-5AA42F4DD121}.Debug|x64.ActiveCfg = Debug|Any CPU
		{3022476E-CEF0-48D4-B76D-5AA42F4DD121}.Debug|x64.Build.0 = Debug|Any CPU
		{3022476E-CEF0-48D4-B76D-5AA42F4DD121}.Debug|x86.ActiveCfg = Debug|x86
		{3022476E-CEF0-48D4-B76D-5AA42F4DD121}.Debug|x86.Build.0 = Debug|x86
		{3022476E-CEF0-48D4-B76D-5AA42F4DD121}.Release|Any CPU.ActiveCfg = Release|Any CPU
		{3022476E-CEF0-48D4-B76D-5AA42F4DD121}.Release|Any CPU.Build.0 = Release|Any CPU
		{3022476E-CEF0-48D4-B76D-5AA42F4DD121}.Release|ARM.ActiveCfg = Release|Any CPU
		{3022476E-CEF0-48D4-B76D-5AA42F4DD121}.Release|ARM.Build.0 = Release|Any CPU
		{3022476E-CEF0-48D4-B76D-5AA42F4DD121}.Release|ARM64.ActiveCfg = Release|Any CPU
		{3022476E-CEF0-48D4-B76D-5AA42F4DD121}.Release|ARM64.Build.0 = Release|Any CPU
		{3022476E-CEF0-48D4-B76D-5AA42F4DD121}.Release|x64.ActiveCfg = Release|Any CPU
		{3022476E-CEF0-48D4-B76D-5AA42F4DD121}.Release|x64.Build.0 = Release|Any CPU
		{3022476E-CEF0-48D4-B76D-5AA42F4DD121}.Release|x86.ActiveCfg = Release|x86
		{3022476E-CEF0-48D4-B76D-5AA42F4DD121}.Release|x86.Build.0 = Release|x86
		{B7EFA1C4-0162-4D9E-9440-D79B6312E30D}.Debug|Any CPU.ActiveCfg = Debug|Any CPU
		{B7EFA1C4-0162-4D9E-9440-D79B6312E30D}.Debug|Any CPU.Build.0 = Debug|Any CPU
		{B7EFA1C4-0162-4D9E-9440-D79B6312E30D}.Debug|Any CPU.Deploy.0 = Debug|Any CPU
		{B7EFA1C4-0162-4D9E-9440-D79B6312E30D}.Debug|ARM.ActiveCfg = Debug|ARM
		{B7EFA1C4-0162-4D9E-9440-D79B6312E30D}.Debug|ARM.Build.0 = Debug|ARM
		{B7EFA1C4-0162-4D9E-9440-D79B6312E30D}.Debug|ARM.Deploy.0 = Debug|ARM
		{B7EFA1C4-0162-4D9E-9440-D79B6312E30D}.Debug|ARM64.ActiveCfg = Debug|ARM64
		{B7EFA1C4-0162-4D9E-9440-D79B6312E30D}.Debug|ARM64.Build.0 = Debug|ARM64
		{B7EFA1C4-0162-4D9E-9440-D79B6312E30D}.Debug|ARM64.Deploy.0 = Debug|ARM64
		{B7EFA1C4-0162-4D9E-9440-D79B6312E30D}.Debug|x64.ActiveCfg = Debug|x64
		{B7EFA1C4-0162-4D9E-9440-D79B6312E30D}.Debug|x64.Build.0 = Debug|x64
		{B7EFA1C4-0162-4D9E-9440-D79B6312E30D}.Debug|x64.Deploy.0 = Debug|x64
		{B7EFA1C4-0162-4D9E-9440-D79B6312E30D}.Debug|x86.ActiveCfg = Debug|x86
		{B7EFA1C4-0162-4D9E-9440-D79B6312E30D}.Debug|x86.Build.0 = Debug|x86
		{B7EFA1C4-0162-4D9E-9440-D79B6312E30D}.Debug|x86.Deploy.0 = Debug|x86
		{B7EFA1C4-0162-4D9E-9440-D79B6312E30D}.Release|Any CPU.ActiveCfg = Release|Any CPU
		{B7EFA1C4-0162-4D9E-9440-D79B6312E30D}.Release|Any CPU.Build.0 = Release|Any CPU
		{B7EFA1C4-0162-4D9E-9440-D79B6312E30D}.Release|Any CPU.Deploy.0 = Release|Any CPU
		{B7EFA1C4-0162-4D9E-9440-D79B6312E30D}.Release|ARM.ActiveCfg = Release|ARM
		{B7EFA1C4-0162-4D9E-9440-D79B6312E30D}.Release|ARM.Build.0 = Release|ARM
		{B7EFA1C4-0162-4D9E-9440-D79B6312E30D}.Release|ARM.Deploy.0 = Release|ARM
		{B7EFA1C4-0162-4D9E-9440-D79B6312E30D}.Release|ARM64.ActiveCfg = Release|ARM64
		{B7EFA1C4-0162-4D9E-9440-D79B6312E30D}.Release|ARM64.Build.0 = Release|ARM64
		{B7EFA1C4-0162-4D9E-9440-D79B6312E30D}.Release|ARM64.Deploy.0 = Release|ARM64
		{B7EFA1C4-0162-4D9E-9440-D79B6312E30D}.Release|x64.ActiveCfg = Release|x64
		{B7EFA1C4-0162-4D9E-9440-D79B6312E30D}.Release|x64.Build.0 = Release|x64
		{B7EFA1C4-0162-4D9E-9440-D79B6312E30D}.Release|x64.Deploy.0 = Release|x64
		{B7EFA1C4-0162-4D9E-9440-D79B6312E30D}.Release|x86.ActiveCfg = Release|x86
		{B7EFA1C4-0162-4D9E-9440-D79B6312E30D}.Release|x86.Build.0 = Release|x86
		{B7EFA1C4-0162-4D9E-9440-D79B6312E30D}.Release|x86.Deploy.0 = Release|x86
	EndGlobalSection
	GlobalSection(SolutionProperties) = preSolution
		HideSolutionNode = FALSE
	EndGlobalSection
	GlobalSection(ExtensibilityGlobals) = postSolution
		SolutionGuid = {10E2CB45-E56D-4FDA-B787-E9F097E56380}
	EndGlobalSection
EndGlobal
